
Microsoft Visual Studio Solution File, Format Version 12.00
# Visual Studio 2013
VisualStudioVersion = 12.0.30723.0
MinimumVisualStudioVersion = 10.0.40219.1
Project("{FAE04EC0-301F-11D3-BF4B-00C04F79EFBC}") = "NVSE Docs Manager", "NVSE Docs Manager\NVSE Docs Manager.csproj", "{B95896F5-EB84-4468-898A-F6CEF6A51E20}"
EndProject
Global
	GlobalSection(SolutionConfigurationPlatforms) = preSolution
		Debug|Any CPU = Debug|Any CPU
		Release|Any CPU = Release|Any CPU
	EndGlobalSection
	GlobalSection(ProjectConfigurationPlatforms) = postSolution
		{B95896F5-EB84-4468-898A-F6CEF6A51E20}.Debug|Any CPU.ActiveCfg = Debug|Any CPU
		{B95896F5-EB84-4468-898A-F6CEF6A51E20}.Debug|Any CPU.Build.0 = Debug|Any CPU
		{B95896F5-EB84-4468-898A-F6CEF6A51E20}.Release|Any CPU.ActiveCfg = Release|Any CPU
		{B95896F5-EB84-4468-898A-F6CEF6A51E20}.Release|Any CPU.Build.0 = Release|Any CPU
	EndGlobalSection
	GlobalSection(SolutionProperties) = preSolution
		HideSolutionNode = FALSE
	EndGlobalSection
EndGlobal
